
Microsoft Visual Studio Solution File, Format Version 12.00
# Visual Studio Version 17
VisualStudioVersion = 17.5.002.0
MinimumVisualStudioVersion = 10.0.40219.1
Project("{9A19103F-16F7-4668-BE54-9A1E7A4F7556}") = "list-t-colections-of-data", "list-t-colections-of-data.csproj", "{B38E223C-C711-46E3-89A4-67D589B3C904}"
EndProject
Global
	GlobalSection(SolutionConfigurationPlatforms) = preSolution
		Debug|Any CPU = Debug|Any CPU
		Release|Any CPU = Release|Any CPU
	EndGlobalSection
	GlobalSection(ProjectConfigurationPlatforms) = postSolution
		{B38E223C-C711-46E3-89A4-67D589B3C904}.Debug|Any CPU.ActiveCfg = Debug|Any CPU
		{B38E223C-C711-46E3-89A4-67D589B3C904}.Debug|Any CPU.Build.0 = Debug|Any CPU
		{B38E223C-C711-46E3-89A4-67D589B3C904}.Release|Any CPU.ActiveCfg = Release|Any CPU
		{B38E223C-C711-46E3-89A4-67D589B3C904}.Release|Any CPU.Build.0 = Release|Any CPU
	EndGlobalSection
	GlobalSection(SolutionProperties) = preSolution
		HideSolutionNode = FALSE
	EndGlobalSection
	GlobalSection(ExtensibilityGlobals) = postSolution
		SolutionGuid = {076A5534-2079-45E6-95B4-DA2CDEDFA31E}
	EndGlobalSection
EndGlobal
